Microsoft Visual Studio Solution File, Format Version 12.00
# Visual Studio Version 17
VisualStudioVersion = 17.13.35806.99
MinimumVisualStudioVersion = 10.0.40219.1
Project("{FAE04EC0-301F-11D3-BF4B-00C04F79EFBC}") = "Server", "Server\Server.csproj", "{40DA3063-0AA6-4ED4-AD9A-A271E6002769}"
EndProject
Project("{FAE04EC0-301F-11D3-BF4B-00C04F79EFBC}") = "Client", "Client\Client.csproj", "{55A528DD-84D9-4EB2-A480-964871DA5EAB}"
EndProject
Global
	GlobalSection(SolutionConfigurationPlatforms) = preSolution
		Debug|Any CPU = Debug|Any CPU
		Release|Any CPU = Release|Any CPU
	EndGlobalSection
	GlobalSection(ProjectConfigurationPlatforms) = postSolution
		{40DA3063-0AA6-4ED4-AD9A-A271E6002769}.Debug|Any CPU.ActiveCfg = Debug|Any CPU
		{40DA3063-0AA6-4ED4-AD9A-A271E6002769}.Debug|Any CPU.Build.0 = Debug|Any CPU
		{40DA3063-0AA6-4ED4-AD9A-A271E6002769}.Release|Any CPU.ActiveCfg = Release|Any CPU
		{40DA3063-0AA6-4ED4-AD9A-A271E6002769}.Release|Any CPU.Build.0 = Release|Any CPU
		{55A528DD-84D9-4EB2-A480-964871DA5EAB}.Debug|Any CPU.ActiveCfg = Debug|Any CPU
		{55A528DD-84D9-4EB2-A480-964871DA5EAB}.Debug|Any CPU.Build.0 = Debug|Any CPU
		{55A528DD-84D9-4EB2-A480-964871DA5EAB}.Release|Any CPU.ActiveCfg = Release|Any CPU
		{55A528DD-84D9-4EB2-A480-964871DA5EAB}.Release|Any CPU.Build.0 = Release|Any CPU
	EndGlobalSection
	GlobalSection(SolutionProperties) = preSolution
		HideSolutionNode = FALSE
	EndGlobalSection
	GlobalSection(ExtensibilityGlobals) = postSolution
		SolutionGuid = {6729FA43-8DD9-47D1-BE08-C22576983553}
	EndGlobalSection
EndGlobal
